
Microsoft Visual Studio Solution File, Format Version 12.00
# Visual Studio Express 2012 for Windows Desktop
Project("{FAE04EC0-301F-11D3-BF4B-00C04F79EFBC}") = "ImportContent", "ImportContent\ImportContent.csproj", "{8BDBC1FF-5D33-4F65-A754-CCF74A5B2AEC}"
EndProject
Project("{FAE04EC0-301F-11D3-BF4B-00C04F79EFBC}") = "DataTableEditor", "DataTableEditor\DataTableEditor.csproj", "{2A81AC66-2E63-4526-A012-02830BBE1460}"
EndProject
Project("{FAE04EC0-301F-11D3-BF4B-00C04F79EFBC}") = "ServerBackendTester", "ServerBackendTester\ServerBackendTester.csproj", "{A185967E-B667-4D1F-8650-AA6E4226BED1}"
EndProject
Project("{FAE04EC0-301F-11D3-BF4B-00C04F79EFBC}") = "ConfigClasses", "ConfigClasses\ConfigClasses.csproj", "{3FBC677F-8901-424E-8CE6-F0EB059DFA61}"
EndProject
Project("{FAE04EC0-301F-11D3-BF4B-00C04F79EFBC}") = "NetworkClasses", "NetworkClasses\NetworkClasses.csproj", "{C40DD0EA-4D4D-4B39-9A6D-E1223B4D7352}"
EndProject
Global
	GlobalSection(SolutionConfigurationPlatforms) = preSolution
		Debug|Any CPU = Debug|Any CPU
		Debug|Mixed Platforms = Debug|Mixed Platforms
		Debug|x86 = Debug|x86
		Release|Any CPU = Release|Any CPU
		Release|Mixed Platforms = Release|Mixed Platforms
		Release|x86 = Release|x86
	EndGlobalSection
	GlobalSection(ProjectConfigurationPlatforms) = postSolution
		{8BDBC1FF-5D33-4F65-A754-CCF74A5B2AEC}.Debug|Any CPU.ActiveCfg = Debug|x86
		{8BDBC1FF-5D33-4F65-A754-CCF74A5B2AEC}.Debug|Any CPU.Build.0 = Debug|x86
		{8BDBC1FF-5D33-4F65-A754-CCF74A5B2AEC}.Debug|Mixed Platforms.ActiveCfg = Debug|x86
		{8BDBC1FF-5D33-4F65-A754-CCF74A5B2AEC}.Debug|Mixed Platforms.Build.0 = Debug|x86
		{8BDBC1FF-5D33-4F65-A754-CCF74A5B2AEC}.Debug|x86.ActiveCfg = Debug|x86
		{8BDBC1FF-5D33-4F65-A754-CCF74A5B2AEC}.Debug|x86.Build.0 = Debug|x86
		{8BDBC1FF-5D33-4F65-A754-CCF74A5B2AEC}.Release|Any CPU.ActiveCfg = Release|x86
		{8BDBC1FF-5D33-4F65-A754-CCF74A5B2AEC}.Release|Mixed Platforms.ActiveCfg = Release|x86
		{8BDBC1FF-5D33-4F65-A754-CCF74A5B2AEC}.Release|Mixed Platforms.Build.0 = Release|x86
		{8BDBC1FF-5D33-4F65-A754-CCF74A5B2AEC}.Release|x86.ActiveCfg = Release|x86
		{8BDBC1FF-5D33-4F65-A754-CCF74A5B2AEC}.Release|x86.Build.0 = Release|x86
		{2A81AC66-2E63-4526-A012-02830BBE1460}.Debug|Any CPU.ActiveCfg = Debug|x86
		{2A81AC66-2E63-4526-A012-02830BBE1460}.Debug|Mixed Platforms.ActiveCfg = Debug|x86
		{2A81AC66-2E63-4526-A012-02830BBE1460}.Debug|Mixed Platforms.Build.0 = Debug|x86
		{2A81AC66-2E63-4526-A012-02830BBE1460}.Debug|x86.ActiveCfg = Debug|x86
		{2A81AC66-2E63-4526-A012-02830BBE1460}.Debug|x86.Build.0 = Debug|x86
		{2A81AC66-2E63-4526-A012-02830BBE1460}.Release|Any CPU.ActiveCfg = Release|x86
		{2A81AC66-2E63-4526-A012-02830BBE1460}.Release|Mixed Platforms.ActiveCfg = Release|x86
		{2A81AC66-2E63-4526-A012-02830BBE1460}.Release|Mixed Platforms.Build.0 = Release|x86
		{2A81AC66-2E63-4526-A012-02830BBE1460}.Release|x86.ActiveCfg = Release|x86
		{2A81AC66-2E63-4526-A012-02830BBE1460}.Release|x86.Build.0 = Release|x86
		{A185967E-B667-4D1F-8650-AA6E4226BED1}.Debug|Any CPU.ActiveCfg = Debug|Any CPU
		{A185967E-B667-4D1F-8650-AA6E4226BED1}.Debug|Any CPU.Build.0 = Debug|Any CPU
		{A185967E-B667-4D1F-8650-AA6E4226BED1}.Debug|Mixed Platforms.ActiveCfg = Debug|Any CPU
		{A185967E-B667-4D1F-8650-AA6E4226BED1}.Debug|Mixed Platforms.Build.0 = Debug|Any CPU
		{A185967E-B667-4D1F-8650-AA6E4226BED1}.Debug|x86.ActiveCfg = Debug|Any CPU
		{A185967E-B667-4D1F-8650-AA6E4226BED1}.Release|Any CPU.ActiveCfg = Release|Any CPU
		{A185967E-B667-4D1F-8650-AA6E4226BED1}.Release|Any CPU.Build.0 = Release|Any CPU
		{A185967E-B667-4D1F-8650-AA6E4226BED1}.Release|Mixed Platforms.ActiveCfg = Release|Any CPU
		{A185967E-B667-4D1F-8650-AA6E4226BED1}.Release|Mixed Platforms.Build.0 = Release|Any CPU
		{A185967E-B667-4D1F-8650-AA6E4226BED1}.Release|x86.ActiveCfg = Release|Any CPU
		{3FBC677F-8901-424E-8CE6-F0EB059DFA61}.Debug|Any CPU.ActiveCfg = Debug|Any CPU
		{3FBC677F-8901-424E-8CE6-F0EB059DFA61}.Debug|Any CPU.Build.0 = Debug|Any CPU
		{3FBC677F-8901-424E-8CE6-F0EB059DFA61}.Debug|Mixed Platforms.ActiveCfg = Debug|Any CPU
		{3FBC677F-8901-424E-8CE6-F0EB059DFA61}.Debug|Mixed Platforms.Build.0 = Debug|Any CPU
		{3FBC677F-8901-424E-8CE6-F0EB059DFA61}.Debug|x86.ActiveCfg = Debug|Any CPU
		{3FBC677F-8901-424E-8CE6-F0EB059DFA61}.Release|Any CPU.ActiveCfg = Release|Any CPU
		{3FBC677F-8901-424E-8CE6-F0EB059DFA61}.Release|Any CPU.Build.0 = Release|Any CPU
		{3FBC677F-8901-424E-8CE6-F0EB059DFA61}.Release|Mixed Platforms.ActiveCfg = Release|Any CPU
		{3FBC677F-8901-424E-8CE6-F0EB059DFA61}.Release|Mixed Platforms.Build.0 = Release|Any CPU
		{3FBC677F-8901-424E-8CE6-F0EB059DFA61}.Release|x86.ActiveCfg = Release|Any CPU
		{C40DD0EA-4D4D-4B39-9A6D-E1223B4D7352}.Debug|Any CPU.ActiveCfg = Debug|Any CPU
		{C40DD0EA-4D4D-4B39-9A6D-E1223B4D7352}.Debug|Any CPU.Build.0 = Debug|Any CPU
		{C40DD0EA-4D4D-4B39-9A6D-E1223B4D7352}.Debug|Mixed Platforms.ActiveCfg = Debug|Any CPU
		{C40DD0EA-4D4D-4B39-9A6D-E1223B4D7352}.Debug|Mixed Platforms.Build.0 = Debug|Any CPU
		{C40DD0EA-4D4D-4B39-9A6D-E1223B4D7352}.Debug|x86.ActiveCfg = Debug|Any CPU
		{C40DD0EA-4D4D-4B39-9A6D-E1223B4D7352}.Release|Any CPU.ActiveCfg = Release|Any CPU
		{C40DD0EA-4D4D-4B39-9A6D-E1223B4D7352}.Release|Any CPU.Build.0 = Release|Any CPU
		{C40DD0EA-4D4D-4B39-9A6D-E1223B4D7352}.Release|Mixed Platforms.ActiveCfg = Release|Any CPU
		{C40DD0EA-4D4D-4B39-9A6D-E1223B4D7352}.Release|Mixed Platforms.Build.0 = Release|Any CPU
		{C40DD0EA-4D4D-4B39-9A6D-E1223B4D7352}.Release|x86.ActiveCfg = Release|Any CPU
	EndGlobalSection
	GlobalSection(SolutionProperties) = preSolution
		HideSolutionNode = FALSE
	EndGlobalSection
EndGlobal
